// !$*UTF8*$!
{
	archiveVersion = 1;
	classes = {
	};
	objectVersion = 46;
	objects = {

/* Begin PBXBuildFile section */
		DC5E50101D0D72B60059F0EB /* libicucore.tbd in Frameworks */ = {isa = PBXBuildFile; fileRef = DCFAEC761D0D3A7A0087102E /* libicucore.tbd */; };
		DC5E50131D0D73270059F0EB /* JavaScriptCore.framework in Frameworks */ = {isa = PBXBuildFile; fileRef = DCFAEC721D0D38810087102E /* JavaScriptCore.framework */; };
		DC5E50151D0D73380059F0EB /* AVKit.framework in Frameworks */ = {isa = PBXBuildFile; fileRef = DC5E50141D0D73380059F0EB /* AVKit.framework */; };
		DC5E50171D0D73550059F0EB /* AVFoundation.framework in Frameworks */ = {isa = PBXBuildFile; fileRef = DC5E50161D0D73550059F0EB /* AVFoundation.framework */; };
		DC5E50191D0D73820059F0EB /* MediaPlayer.framework in Frameworks */ = {isa = PBXBuildFile; fileRef = DC5E50181D0D73820059F0EB /* MediaPlayer.framework */; };
		DC5E50331D0D7FC00059F0EB /* CoreMedia.framework in Frameworks */ = {isa = PBXBuildFile; fileRef = DC5E50321D0D7FC00059F0EB /* CoreMedia.framework */; };
		DC5E50361D0D80F20059F0EB /* WeexSDK.framework in Frameworks */ = {isa = PBXBuildFile; fileRef = DCFAEC6D1D0D381F0087102E /* WeexSDK.framework */; };
		DC5E50381D0D81410059F0EB /* SRWebSocket.m in Sources */ = {isa = PBXBuildFile; fileRef = DCFAEC791D0D3E9B0087102E /* SRWebSocket.m */; };
		DC5E503A1D0D88A00059F0EB /* main.js in Resources */ = {isa = PBXBuildFile; fileRef = DC5E50391D0D88A00059F0EB /* main.js */; };
		DCC3E8531D93888700FDAD2F /* ImageIO.framework in Frameworks */ = {isa = PBXBuildFile; fileRef = DCC3E8521D93888700FDAD2F /* ImageIO.framework */; };
		DCC3E8551D93888C00FDAD2F /* CoreImage.framework in Frameworks */ = {isa = PBXBuildFile; fileRef = DCC3E8541D93888C00FDAD2F /* CoreImage.framework */; };
		DCC3E8571D9389BB00FDAD2F /* bundlejs in Resources */ = {isa = PBXBuildFile; fileRef = DCC3E8561D9389BB00FDAD2F /* bundlejs */; };
		DCC6B6081D93878C00045211 /* MKAnnotationView+WebCache.m in Sources */ = {isa = PBXBuildFile; fileRef = DCC6B5E81D93878C00045211 /* MKAnnotationView+WebCache.m */; };
		DCC6B6091D93878C00045211 /* NSData+ImageContentType.m in Sources */ = {isa = PBXBuildFile; fileRef = DCC6B5EA1D93878C00045211 /* NSData+ImageContentType.m */; };
		DCC6B60A1D93878C00045211 /* SDImageCache.m in Sources */ = {isa = PBXBuildFile; fileRef = DCC6B5EC1D93878C00045211 /* SDImageCache.m */; };
		DCC6B60B1D93878C00045211 /* SDWebImageCompat.m in Sources */ = {isa = PBXBuildFile; fileRef = DCC6B5EE1D93878C00045211 /* SDWebImageCompat.m */; };
		DCC6B60C1D93878C00045211 /* SDWebImageDecoder.m in Sources */ = {isa = PBXBuildFile; fileRef = DCC6B5F01D93878C00045211 /* SDWebImageDecoder.m */; };
		DCC6B60D1D93878C00045211 /* SDWebImageDownloader.m in Sources */ = {isa = PBXBuildFile; fileRef = DCC6B5F21D93878C00045211 /* SDWebImageDownloader.m */; };
		DCC6B60E1D93878C00045211 /* SDWebImageDownloaderOperation.m in Sources */ = {isa = PBXBuildFile; fileRef = DCC6B5F41D93878C00045211 /* SDWebImageDownloaderOperation.m */; };
		DCC6B60F1D93878C00045211 /* SDWebImageManager.m in Sources */ = {isa = PBXBuildFile; fileRef = DCC6B5F61D93878C00045211 /* SDWebImageManager.m */; };
		DCC6B6101D93878C00045211 /* SDWebImagePrefetcher.m in Sources */ = {isa = PBXBuildFile; fileRef = DCC6B5F91D93878C00045211 /* SDWebImagePrefetcher.m */; };
		DCC6B6111D93878C00045211 /* UIButton+WebCache.m in Sources */ = {isa = PBXBuildFile; fileRef = DCC6B5FB1D93878C00045211 /* UIButton+WebCache.m */; };
		DCC6B6121D93878C00045211 /* UIImage+GIF.m in Sources */ = {isa = PBXBuildFile; fileRef = DCC6B5FD1D93878C00045211 /* UIImage+GIF.m */; };
		DCC6B6131D93878C00045211 /* UIImage+MultiFormat.m in Sources */ = {isa = PBXBuildFile; fileRef = DCC6B5FF1D93878C00045211 /* UIImage+MultiFormat.m */; };
		DCC6B6141D93878C00045211 /* UIImage+WebP.m in Sources */ = {isa = PBXBuildFile; fileRef = DCC6B6011D93878C00045211 /* UIImage+WebP.m */; };
		DCC6B6151D93878C00045211 /* UIImageView+HighlightedWebCache.m in Sources */ = {isa = PBXBuildFile; fileRef = DCC6B6031D93878C00045211 /* UIImageView+HighlightedWebCache.m */; };
		DCC6B6161D93878C00045211 /* UIImageView+WebCache.m in Sources */ = {isa = PBXBuildFile; fileRef = DCC6B6051D93878C00045211 /* UIImageView+WebCache.m */; };
		DCC6B6171D93878C00045211 /* UIView+WebCacheOperation.m in Sources */ = {isa = PBXBuildFile; fileRef = DCC6B6071D93878C00045211 /* UIView+WebCacheOperation.m */; };
		DCEC6CB61D96786400C7FA7F /* WXEventModule.m in Sources */ = {isa = PBXBuildFile; fileRef = DCEC6CB31D96786400C7FA7F /* WXEventModule.m */; };
		DCEC6CB71D96786400C7FA7F /* WXImgLoaderDefaultImpl.m in Sources */ = {isa = PBXBuildFile; fileRef = DCEC6CB51D96786400C7FA7F /* WXImgLoaderDefaultImpl.m */; };
		DCFAEC581D0D36070087102E /* main.m in Sources */ = {isa = PBXBuildFile; fileRef = DCFAEC571D0D36070087102E /* main.m */; };
		DCFAEC5B1D0D36070087102E /* AppDelegate.m in Sources */ = {isa = PBXBuildFile; fileRef = DCFAEC5A1D0D36070087102E /* AppDelegate.m */; };
		DCFAEC5E1D0D36070087102E /* ViewController.m in Sources */ = {isa = PBXBuildFile; fileRef = DCFAEC5D1D0D36070087102E /* ViewController.m */; };
		DCFAEC611D0D36070087102E /* Main.storyboard in Resources */ = {isa = PBXBuildFile; fileRef = DCFAEC5F1D0D36070087102E /* Main.storyboard */; };
		DCFAEC631D0D36070087102E /* Assets.xcassets in Resources */ = {isa = PBXBuildFile; fileRef = DCFAEC621D0D36070087102E /* Assets.xcassets */; };
		DCFAEC661D0D36070087102E /* LaunchScreen.storyboard in Resources */ = {isa = PBXBuildFile; fileRef = DCFAEC641D0D36070087102E /* LaunchScreen.storyboard */; };
/* End PBXBuildFile section */

/* Begin PBXFileReference section */
		DC5E50141D0D73380059F0EB /* AVKit.framework */ = {isa = PBXFileReference; lastKnownFileType = wrapper.framework; name = AVKit.framework; path = System/Library/Frameworks/AVKit.framework; sourceTree = SDKROOT; };
		DC5E50161D0D73550059F0EB /* AVFoundation.framework */ = {isa = PBXFileReference; lastKnownFileType = wrapper.framework; name = AVFoundation.framework; path = System/Library/Frameworks/AVFoundation.framework; sourceTree = SDKROOT; };
		DC5E50181D0D73820059F0EB /* MediaPlayer.framework */ = {isa = PBXFileReference; lastKnownFileType = wrapper.framework; name = MediaPlayer.framework; path = System/Library/Frameworks/MediaPlayer.framework; sourceTree = SDKROOT; };
		DC5E50321D0D7FC00059F0EB /* CoreMedia.framework */ = {isa = PBXFileReference; lastKnownFileType = wrapper.framework; name = CoreMedia.framework; path = System/Library/Frameworks/CoreMedia.framework; sourceTree = SDKROOT; };
		DC5E50391D0D88A00059F0EB /* main.js */ = {isa = PBXFileReference; lastKnownFileType = sourcecode.javascript; name = main.js; path = lib/WeexSDK.framework/main.js; sourceTree = "<group>"; };
		DCC3E8521D93888700FDAD2F /* ImageIO.framework */ = {isa = PBXFileReference; lastKnownFileType = wrapper.framework; name = ImageIO.framework; path = System/Library/Frameworks/ImageIO.framework; sourceTree = SDKROOT; };
		DCC3E8541D93888C00FDAD2F /* CoreImage.framework */ = {isa = PBXFileReference; lastKnownFileType = wrapper.framework; name = CoreImage.framework; path = System/Library/Frameworks/CoreImage.framework; sourceTree = SDKROOT; };
		DCC3E8561D9389BB00FDAD2F /* bundlejs */ = {isa = PBXFileReference; lastKnownFileType = folder; path = bundlejs; sourceTree = "<group>"; };
		DCC6B5E71D93878C00045211 /* MKAnnotationView+WebCache.h */ = {isa = PBXFileReference; fileEncoding = 4; lastKnownFileType = sourcecode.c.h; name = "MKAnnotationView+WebCache.h"; path = "lib/SDWebImage/MKAnnotationView+WebCache.h"; sourceTree = SOURCE_ROOT; };
		DCC6B5E81D93878C00045211 /* MKAnnotationView+WebCache.m */ = {isa = PBXFileReference; fileEncoding = 4; lastKnownFileType = sourcecode.c.objc; name = "MKAnnotationView+WebCache.m"; path = "lib/SDWebImage/MKAnnotationView+WebCache.m"; sourceTree = SOURCE_ROOT; };
		DCC6B5E91D93878C00045211 /* NSData+ImageContentType.h */ = {isa = PBXFileReference; fileEncoding = 4; lastKnownFileType = sourcecode.c.h; name = "NSData+ImageContentType.h"; path = "lib/SDWebImage/NSData+ImageContentType.h"; sourceTree = SOURCE_ROOT; };
		DCC6B5EA1D93878C00045211 /* NSData+ImageContentType.m */ = {isa = PBXFileReference; fileEncoding = 4; lastKnownFileType = sourcecode.c.objc; name = "NSData+ImageContentType.m"; path = "lib/SDWebImage/NSData+ImageContentType.m"; sourceTree = SOURCE_ROOT; };
		DCC6B5EB1D93878C00045211 /* SDImageCache.h */ = {isa = PBXFileReference; fileEncoding = 4; lastKnownFileType = sourcecode.c.h; name = SDImageCache.h; path = lib/SDWebImage/SDImageCache.h; sourceTree = SOURCE_ROOT; };
		DCC6B5EC1D93878C00045211 /* SDImageCache.m */ = {isa = PBXFileReference; fileEncoding = 4; lastKnownFileType = sourcecode.c.objc; name = SDImageCache.m; path = lib/SDWebImage/SDImageCache.m; sourceTree = SOURCE_ROOT; };
		DCC6B5ED1D93878C00045211 /* SDWebImageCompat.h */ = {isa = PBXFileReference; fileEncoding = 4; lastKnownFileType = sourcecode.c.h; name = SDWebImageCompat.h; path = lib/SDWebImage/SDWebImageCompat.h; sourceTree = SOURCE_ROOT; };
		DCC6B5EE1D93878C00045211 /* SDWebImageCompat.m */ = {isa = PBXFileReference; fileEncoding = 4; lastKnownFileType = sourcecode.c.objc; name = SDWebImageCompat.m; path = lib/SDWebImage/SDWebImageCompat.m; sourceTree = SOURCE_ROOT; };
		DCC6B5EF1D93878C00045211 /* SDWebImageDecoder.h */ = {isa = PBXFileReference; fileEncoding = 4; lastKnownFileType = sourcecode.c.h; name = SDWebImageDecoder.h; path = lib/SDWebImage/SDWebImageDecoder.h; sourceTree = SOURCE_ROOT; };
		DCC6B5F01D93878C00045211 /* SDWebImageDecoder.m */ = {isa = PBXFileReference; fileEncoding = 4; lastKnownFileType = sourcecode.c.objc; name = SDWebImageDecoder.m; path = lib/SDWebImage/SDWebImageDecoder.m; sourceTree = SOURCE_ROOT; };
		DCC6B5F11D93878C00045211 /* SDWebImageDownloader.h */ = {isa = PBXFileReference; fileEncoding = 4; lastKnownFileType = sourcecode.c.h; name = SDWebImageDownloader.h; path = lib/SDWebImage/SDWebImageDownloader.h; sourceTree = SOURCE_ROOT; };
		DCC6B5F21D93878C00045211 /* SDWebImageDownloader.m */ = {isa = PBXFileReference; fileEncoding = 4; lastKnownFileType = sourcecode.c.objc; name = SDWebImageDownloader.m; path = lib/SDWebImage/SDWebImageDownloader.m; sourceTree = SOURCE_ROOT; };
		DCC6B5F31D93878C00045211 /* SDWebImageDownloaderOperation.h */ = {isa = PBXFileReference; fileEncoding = 4; lastKnownFileType = sourcecode.c.h; name = SDWebImageDownloaderOperation.h; path = lib/SDWebImage/SDWebImageDownloaderOperation.h; sourceTree = SOURCE_ROOT; };
		DCC6B5F41D93878C00045211 /* SDWebImageDownloaderOperation.m */ = {isa = PBXFileReference; fileEncoding = 4; lastKnownFileType = sourcecode.c.objc; name = SDWebImageDownloaderOperation.m; path = lib/SDWebImage/SDWebImageDownloaderOperation.m; sourceTree = SOURCE_ROOT; };
		DCC6B5F51D93878C00045211 /* SDWebImageManager.h */ = {isa = PBXFileReference; fileEncoding = 4; lastKnownFileType = sourcecode.c.h; name = SDWebImageManager.h; path = lib/SDWebImage/SDWebImageManager.h; sourceTree = SOURCE_ROOT; };
		DCC6B5F61D93878C00045211 /* SDWebImageManager.m */ = {isa = PBXFileReference; fileEncoding = 4; lastKnownFileType = sourcecode.c.objc; name = SDWebImageManager.m; path = lib/SDWebImage/SDWebImageManager.m; sourceTree = SOURCE_ROOT; };
		DCC6B5F71D93878C00045211 /* SDWebImageOperation.h */ = {isa = PBXFileReference; fileEncoding = 4; lastKnownFileType = sourcecode.c.h; name = SDWebImageOperation.h; path = lib/SDWebImage/SDWebImageOperation.h; sourceTree = SOURCE_ROOT; };
		DCC6B5F81D93878C00045211 /* SDWebImagePrefetcher.h */ = {isa = PBXFileReference; fileEncoding = 4; lastKnownFileType = sourcecode.c.h; name = SDWebImagePrefetcher.h; path = lib/SDWebImage/SDWebImagePrefetcher.h; sourceTree = SOURCE_ROOT; };
		DCC6B5F91D93878C00045211 /* SDWebImagePrefetcher.m */ = {isa = PBXFileReference; fileEncoding = 4; lastKnownFileType = sourcecode.c.objc; name = SDWebImagePrefetcher.m; path = lib/SDWebImage/SDWebImagePrefetcher.m; sourceTree = SOURCE_ROOT; };
		DCC6B5FA1D93878C00045211 /* UIButton+WebCache.h */ = {isa = PBXFileReference; fileEncoding = 4; lastKnownFileType = sourcecode.c.h; name = "UIButton+WebCache.h"; path = "lib/SDWebImage/UIButton+WebCache.h"; sourceTree = SOURCE_ROOT; };
		DCC6B5FB1D93878C00045211 /* UIButton+WebCache.m */ = {isa = PBXFileReference; fileEncoding = 4; lastKnownFileType = sourcecode.c.objc; name = "UIButton+WebCache.m"; path = "lib/SDWebImage/UIButton+WebCache.m"; sourceTree = SOURCE_ROOT; };
		DCC6B5FC1D93878C00045211 /* UIImage+GIF.h */ = {isa = PBXFileReference; fileEncoding = 4; lastKnownFileType = sourcecode.c.h; name = "UIImage+GIF.h"; path = "lib/SDWebImage/UIImage+GIF.h"; sourceTree = SOURCE_ROOT; };
		DCC6B5FD1D93878C00045211 /* UIImage+GIF.m */ = {isa = PBXFileReference; fileEncoding = 4; lastKnownFileType = sourcecode.c.objc; name = "UIImage+GIF.m"; path = "lib/SDWebImage/UIImage+GIF.m"; sourceTree = SOURCE_ROOT; };
		DCC6B5FE1D93878C00045211 /* UIImage+MultiFormat.h */ = {isa = PBXFileReference; fileEncoding = 4; lastKnownFileType = sourcecode.c.h; name = "UIImage+MultiFormat.h"; path = "lib/SDWebImage/UIImage+MultiFormat.h"; sourceTree = SOURCE_ROOT; };
		DCC6B5FF1D93878C00045211 /* UIImage+MultiFormat.m */ = {isa = PBXFileReference; fileEncoding = 4; lastKnownFileType = sourcecode.c.objc; name = "UIImage+MultiFormat.m"; path = "lib/SDWebImage/UIImage+MultiFormat.m"; sourceTree = SOURCE_ROOT; };
		DCC6B6001D93878C00045211 /* UIImage+WebP.h */ = {isa = PBXFileReference; fileEncoding = 4; lastKnownFileType = sourcecode.c.h; name = "UIImage+WebP.h"; path = "lib/SDWebImage/UIImage+WebP.h"; sourceTree = SOURCE_ROOT; };
		DCC6B6011D93878C00045211 /* UIImage+WebP.m */ = {isa = PBXFileReference; fileEncoding = 4; lastKnownFileType = sourcecode.c.objc; name = "UIImage+WebP.m"; path = "lib/SDWebImage/UIImage+WebP.m"; sourceTree = SOURCE_ROOT; };
		DCC6B6021D93878C00045211 /* UIImageView+HighlightedWebCache.h */ = {isa = PBXFileReference; fileEncoding = 4; lastKnownFileType = sourcecode.c.h; name = "UIImageView+HighlightedWebCache.h"; path = "lib/SDWebImage/UIImageView+HighlightedWebCache.h"; sourceTree = SOURCE_ROOT; };
		DCC6B6031D93878C00045211 /* UIImageView+HighlightedWebCache.m */ = {isa = PBXFileReference; fileEncoding = 4; lastKnownFileType = sourcecode.c.objc; name = "UIImageView+HighlightedWebCache.m"; path = "lib/SDWebImage/UIImageView+HighlightedWebCache.m"; sourceTree = SOURCE_ROOT; };
		DCC6B6041D93878C00045211 /* UIImageView+WebCache.h */ = {isa = PBXFileReference; fileEncoding = 4; lastKnownFileType = sourcecode.c.h; name = "UIImageView+WebCache.h"; path = "lib/SDWebImage/UIImageView+WebCache.h"; sourceTree = SOURCE_ROOT; };
		DCC6B6051D93878C00045211 /* UIImageView+WebCache.m */ = {isa = PBXFileReference; fileEncoding = 4; lastKnownFileType = sourcecode.c.objc; name = "UIImageView+WebCache.m"; path = "lib/SDWebImage/UIImageView+WebCache.m"; sourceTree = SOURCE_ROOT; };
		DCC6B6061D93878C00045211 /* UIView+WebCacheOperation.h */ = {isa = PBXFileReference; fileEncoding = 4; lastKnownFileType = sourcecode.c.h; name = "UIView+WebCacheOperation.h"; path = "lib/SDWebImage/UIView+WebCacheOperation.h"; sourceTree = SOURCE_ROOT; };
		DCC6B6071D93878C00045211 /* UIView+WebCacheOperation.m */ = {isa = PBXFileReference; fileEncoding = 4; lastKnownFileType = sourcecode.c.objc; name = "UIView+WebCacheOperation.m"; path = "lib/SDWebImage/UIView+WebCacheOperation.m"; sourceTree = SOURCE_ROOT; };
		DCEC6CB21D96786400C7FA7F /* WXEventModule.h */ = {isa = PBXFileReference; fileEncoding = 4; lastKnownFileType = sourcecode.c.h; name = WXEventModule.h; path = extend/WXEventModule.h; sourceTree = "<group>"; };
		DCEC6CB31D96786400C7FA7F /* WXEventModule.m */ = {isa = PBXFileReference; fileEncoding = 4; lastKnownFileType = sourcecode.c.objc; name = WXEventModule.m; path = extend/WXEventModule.m; sourceTree = "<group>"; };
		DCEC6CB41D96786400C7FA7F /* WXImgLoaderDefaultImpl.h */ = {isa = PBXFileReference; fileEncoding = 4; lastKnownFileType = sourcecode.c.h; name = WXImgLoaderDefaultImpl.h; path = extend/WXImgLoaderDefaultImpl.h; sourceTree = "<group>"; };
		DCEC6CB51D96786400C7FA7F /* WXImgLoaderDefaultImpl.m */ = {isa = PBXFileReference; fileEncoding = 4; lastKnownFileType = sourcecode.c.objc; name = WXImgLoaderDefaultImpl.m; path = extend/WXImgLoaderDefaultImpl.m; sourceTree = "<group>"; };
		DCFAEC531D0D36070087102E /* WeexSample.app */ = {isa = PBXFileReference; explicitFileType = wrapper.application; includeInIndex = 0; path = WeexSample.app; sourceTree = BUILT_PRODUCTS_DIR; };
		DCFAEC571D0D36070087102E /* main.m */ = {isa = PBXFileReference; lastKnownFileType = sourcecode.c.objc; path = main.m; sourceTree = "<group>"; };
		DCFAEC591D0D36070087102E /* AppDelegate.h */ = {isa = PBXFileReference; lastKnownFileType = sourcecode.c.h; path = AppDelegate.h; sourceTree = "<group>"; };
		DCFAEC5A1D0D36070087102E /* AppDelegate.m */ = {isa = PBXFileReference; lastKnownFileType = sourcecode.c.objc; path = AppDelegate.m; sourceTree = "<group>"; };
		DCFAEC5C1D0D36070087102E /* ViewController.h */ = {isa = PBXFileReference; lastKnownFileType = sourcecode.c.h; path = ViewController.h; sourceTree = "<group>"; };
		DCFAEC5D1D0D36070087102E /* ViewController.m */ = {isa = PBXFileReference; lastKnownFileType = sourcecode.c.objc; path = ViewController.m; sourceTree = "<group>"; };
		DCFAEC601D0D36070087102E /* Base */ = {isa = PBXFileReference; lastKnownFileType = file.storyboard; name = Base; path = Base.lproj/Main.storyboard; sourceTree = "<group>"; };
		DCFAEC621D0D36070087102E /* Assets.xcassets */ = {isa = PBXFileReference; lastKnownFileType = folder.assetcatalog; path = Assets.xcassets; sourceTree = "<group>"; };
		DCFAEC651D0D36070087102E /* Base */ = {isa = PBXFileReference; lastKnownFileType = file.storyboard; name = Base; path = Base.lproj/LaunchScreen.storyboard; sourceTree = "<group>"; };
		DCFAEC671D0D36070087102E /* Info.plist */ = {isa = PBXFileReference; lastKnownFileType = text.plist.xml; path = Info.plist; sourceTree = "<group>"; };
		DCFAEC6D1D0D381F0087102E /* WeexSDK.framework */ = {isa = PBXFileReference; lastKnownFileType = wrapper.framework; name = WeexSDK.framework; path = lib/WeexSDK.framework; sourceTree = "<group>"; };
		DCFAEC721D0D38810087102E /* JavaScriptCore.framework */ = {isa = PBXFileReference; lastKnownFileType = wrapper.framework; name = JavaScriptCore.framework; path = System/Library/Frameworks/JavaScriptCore.framework; sourceTree = SDKROOT; };
		DCFAEC761D0D3A7A0087102E /* libicucore.tbd */ = {isa = PBXFileReference; lastKnownFileType = "sourcecode.text-based-dylib-definition"; name = libicucore.tbd; path = usr/lib/libicucore.tbd; sourceTree = SDKROOT; };
		DCFAEC781D0D3E9B0087102E /* SRWebSocket.h */ = {isa = PBXFileReference; fileEncoding = 4; lastKnownFileType = sourcecode.c.h; path = SRWebSocket.h; sourceTree = "<group>"; };
		DCFAEC791D0D3E9B0087102E /* SRWebSocket.m */ = {isa = PBXFileReference; fileEncoding = 4; lastKnownFileType = sourcecode.c.objc; path = SRWebSocket.m; sourceTree = "<group>"; };
/* End PBXFileReference section */

/* Begin PBXFrameworksBuildPhase section */
		DCFAEC501D0D36070087102E /* Frameworks */ = {
			isa = PBXFrameworksBuildPhase;
			buildActionMask = 2147483647;
			files = (
				DCC3E8551D93888C00FDAD2F /* CoreImage.framework in Frameworks */,
				DCC3E8531D93888700FDAD2F /* ImageIO.framework in Frameworks */,
				DC5E50361D0D80F20059F0EB /* WeexSDK.framework in Frameworks */,
				DC5E50331D0D7FC00059F0EB /* CoreMedia.framework in Frameworks */,
				DC5E50191D0D73820059F0EB /* MediaPlayer.framework in Frameworks */,
				DC5E50171D0D73550059F0EB /* AVFoundation.framework in Frameworks */,
				DC5E50151D0D73380059F0EB /* AVKit.framework in Frameworks */,
				DC5E50131D0D73270059F0EB /* JavaScriptCore.framework in Frameworks */,
				DC5E50101D0D72B60059F0EB /* libicucore.tbd in Frameworks */,
			);
			runOnlyForDeploymentPostprocessing = 0;
		};
/* End PBXFrameworksBuildPhase section */

/* Begin PBXGroup section */
		DCC3E8511D93881E00FDAD2F /* extend */ = {
			isa = PBXGroup;
			children = (
				DCEC6CB21D96786400C7FA7F /* WXEventModule.h */,
				DCEC6CB31D96786400C7FA7F /* WXEventModule.m */,
				DCEC6CB41D96786400C7FA7F /* WXImgLoaderDefaultImpl.h */,
				DCEC6CB51D96786400C7FA7F /* WXImgLoaderDefaultImpl.m */,
			);
			name = extend;
			sourceTree = "<group>";
		};
		DCC6B5E61D93877100045211 /* SDWebImage */ = {
			isa = PBXGroup;
			children = (
				DCC6B5E71D93878C00045211 /* MKAnnotationView+WebCache.h */,
				DCC6B5E81D93878C00045211 /* MKAnnotationView+WebCache.m */,
				DCC6B5E91D93878C00045211 /* NSData+ImageContentType.h */,
				DCC6B5EA1D93878C00045211 /* NSData+ImageContentType.m */,
				DCC6B5EB1D93878C00045211 /* SDImageCache.h */,
				DCC6B5EC1D93878C00045211 /* SDImageCache.m */,
				DCC6B5ED1D93878C00045211 /* SDWebImageCompat.h */,
				DCC6B5EE1D93878C00045211 /* SDWebImageCompat.m */,
				DCC6B5EF1D93878C00045211 /* SDWebImageDecoder.h */,
				DCC6B5F01D93878C00045211 /* SDWebImageDecoder.m */,
				DCC6B5F11D93878C00045211 /* SDWebImageDownloader.h */,
				DCC6B5F21D93878C00045211 /* SDWebImageDownloader.m */,
				DCC6B5F31D93878C00045211 /* SDWebImageDownloaderOperation.h */,
				DCC6B5F41D93878C00045211 /* SDWebImageDownloaderOperation.m */,
				DCC6B5F51D93878C00045211 /* SDWebImageManager.h */,
				DCC6B5F61D93878C00045211 /* SDWebImageManager.m */,
				DCC6B5F71D93878C00045211 /* SDWebImageOperation.h */,
				DCC6B5F81D93878C00045211 /* SDWebImagePrefetcher.h */,
				DCC6B5F91D93878C00045211 /* SDWebImagePrefetcher.m */,
				DCC6B5FA1D93878C00045211 /* UIButton+WebCache.h */,
				DCC6B5FB1D93878C00045211 /* UIButton+WebCache.m */,
				DCC6B5FC1D93878C00045211 /* UIImage+GIF.h */,
				DCC6B5FD1D93878C00045211 /* UIImage+GIF.m */,
				DCC6B5FE1D93878C00045211 /* UIImage+MultiFormat.h */,
				DCC6B5FF1D93878C00045211 /* UIImage+MultiFormat.m */,
				DCC6B6001D93878C00045211 /* UIImage+WebP.h */,
				DCC6B6011D93878C00045211 /* UIImage+WebP.m */,
				DCC6B6021D93878C00045211 /* UIImageView+HighlightedWebCache.h */,
				DCC6B6031D93878C00045211 /* UIImageView+HighlightedWebCache.m */,
				DCC6B6041D93878C00045211 /* UIImageView+WebCache.h */,
				DCC6B6051D93878C00045211 /* UIImageView+WebCache.m */,
				DCC6B6061D93878C00045211 /* UIView+WebCacheOperation.h */,
				DCC6B6071D93878C00045211 /* UIView+WebCacheOperation.m */,
			);
			name = SDWebImage;
			sourceTree = "<group>";
		};
		DCFAEC4A1D0D36070087102E = {
			isa = PBXGroup;
			children = (
				DCC3E8561D9389BB00FDAD2F /* bundlejs */,
				DCFAEC551D0D36070087102E /* WeexSample */,
				DCFAEC541D0D36070087102E /* Products */,
				DCFAEC711D0D38370087102E /* Frameworks */,
			);
			sourceTree = "<group>";
		};
		DCFAEC541D0D36070087102E /* Products */ = {
			isa = PBXGroup;
			children = (
				DCFAEC531D0D36070087102E /* WeexSample.app */,
			);
			name = Products;
			sourceTree = "<group>";
		};
		DCFAEC551D0D36070087102E /* WeexSample */ = {
			isa = PBXGroup;
			children = (
				DCC3E8511D93881E00FDAD2F /* extend */,
				DCFAEC7B1D0D3F700087102E /* depedency */,
				DCFAEC591D0D36070087102E /* AppDelegate.h */,
				DCFAEC5A1D0D36070087102E /* AppDelegate.m */,
				DCFAEC5C1D0D36070087102E /* ViewController.h */,
				DCFAEC5D1D0D36070087102E /* ViewController.m */,
				DCFAEC5F1D0D36070087102E /* Main.storyboard */,
				DCFAEC621D0D36070087102E /* Assets.xcassets */,
				DCFAEC641D0D36070087102E /* LaunchScreen.storyboard */,
				DCFAEC671D0D36070087102E /* Info.plist */,
				DCFAEC561D0D36070087102E /* Supporting Files */,
			);
			path = WeexSample;
			sourceTree = "<group>";
		};
		DCFAEC561D0D36070087102E /* Supporting Files */ = {
			isa = PBXGroup;
			children = (
				DCFAEC571D0D36070087102E /* main.m */,
			);
			name = "Supporting Files";
			sourceTree = "<group>";
		};
		DCFAEC711D0D38370087102E /* Frameworks */ = {
			isa = PBXGroup;
			children = (
				DCC3E8541D93888C00FDAD2F /* CoreImage.framework */,
				DCC3E8521D93888700FDAD2F /* ImageIO.framework */,
				DC5E50391D0D88A00059F0EB /* main.js */,
				DC5E50321D0D7FC00059F0EB /* CoreMedia.framework */,
				DC5E50181D0D73820059F0EB /* MediaPlayer.framework */,
				DC5E50161D0D73550059F0EB /* AVFoundation.framework */,
				DC5E50141D0D73380059F0EB /* AVKit.framework */,
				DCFAEC761D0D3A7A0087102E /* libicucore.tbd */,
				DCFAEC721D0D38810087102E /* JavaScriptCore.framework */,
				DCFAEC6D1D0D381F0087102E /* WeexSDK.framework */,
			);
			name = Frameworks;
			sourceTree = "<group>";
		};
		DCFAEC7B1D0D3F700087102E /* depedency */ = {
			isa = PBXGroup;
			children = (
				DCC6B5E61D93877100045211 /* SDWebImage */,
				DCFAEC781D0D3E9B0087102E /* SRWebSocket.h */,
				DCFAEC791D0D3E9B0087102E /* SRWebSocket.m */,
			);
			name = depedency;
			sourceTree = "<group>";
		};
/* End PBXGroup section */

/* Begin PBXNativeTarget section */
		DCFAEC521D0D36070087102E /* WeexSample */ = {
			isa = PBXNativeTarget;
			buildConfigurationList = DCFAEC6A1D0D36070087102E /* Build configuration list for PBXNativeTarget "WeexSample" */;
			buildPhases = (
				DCFAEC4F1D0D36070087102E /* Sources */,
				DCFAEC501D0D36070087102E /* Frameworks */,
				DCFAEC511D0D36070087102E /* Resources */,
			);
			buildRules = (
			);
			dependencies = (
			);
			name = WeexSample;
			productName = WeexSample;
			productReference = DCFAEC531D0D36070087102E /* WeexSample.app */;
			productType = "com.apple.product-type.application";
		};
/* End PBXNativeTarget section */

/* Begin PBXProject section */
		DCFAEC4B1D0D36070087102E /* Project object */ = {
			isa = PBXProject;
			attributes = {
				LastUpgradeCheck = 0730;
				ORGANIZATIONNAME = com.taobao.weex;
				TargetAttributes = {
					DCFAEC521D0D36070087102E = {
						CreatedOnToolsVersion = 7.3.1;
					};
				};
			};
			buildConfigurationList = DCFAEC4E1D0D36070087102E /* Build configuration list for PBXProject "WeexSample" */;
			compatibilityVersion = "Xcode 3.2";
			developmentRegion = English;
			hasScannedForEncodings = 0;
			knownRegions = (
				en,
				Base,
			);
			mainGroup = DCFAEC4A1D0D36070087102E;
			productRefGroup = DCFAEC541D0D36070087102E /* Products */;
			projectDirPath = "";
			projectRoot = "";
			targets = (
				DCFAEC521D0D36070087102E /* WeexSample */,
			);
		};
/* End PBXProject section */

/* Begin PBXResourcesBuildPhase section */
		DCFAEC511D0D36070087102E /* Resources */ = {
			isa = PBXResourcesBuildPhase;
			buildActionMask = 2147483647;
			files = (
				DCC3E8571D9389BB00FDAD2F /* bundlejs in Resources */,
				DC5E503A1D0D88A00059F0EB /* main.js in Resources */,
				DCFAEC661D0D36070087102E /* LaunchScreen.storyboard in Resources */,
				DCFAEC631D0D36070087102E /* Assets.xcassets in Resources */,
				DCFAEC611D0D36070087102E /* Main.storyboard in Resources */,
			);
			runOnlyForDeploymentPostprocessing = 0;
		};
/* End PBXResourcesBuildPhase section */

/* Begin PBXSourcesBuildPhase section */
		DCFAEC4F1D0D36070087102E /* Sources */ = {
			isa = PBXSourcesBuildPhase;
			buildActionMask = 2147483647;
			files = (
				DC5E50381D0D81410059F0EB /* SRWebSocket.m in Sources */,
				DCC6B6151D93878C00045211 /* UIImageView+HighlightedWebCache.m in Sources */,
				DCC6B6161D93878C00045211 /* UIImageView+WebCache.m in Sources */,
				DCC6B6141D93878C00045211 /* UIImage+WebP.m in Sources */,
				DCC6B6101D93878C00045211 /* SDWebImagePrefetcher.m in Sources */,
				DCFAEC5E1D0D36070087102E /* ViewController.m in Sources */,
				DCC6B60C1D93878C00045211 /* SDWebImageDecoder.m in Sources */,
				DCC6B60D1D93878C00045211 /* SDWebImageDownloader.m in Sources */,
				DCC6B60F1D93878C00045211 /* SDWebImageManager.m in Sources */,
				DCC6B6171D93878C00045211 /* UIView+WebCacheOperation.m in Sources */,
				DCC6B6111D93878C00045211 /* UIButton+WebCache.m in Sources */,
				DCC6B6131D93878C00045211 /* UIImage+MultiFormat.m in Sources */,
				DCEC6CB61D96786400C7FA7F /* WXEventModule.m in Sources */,
				DCEC6CB71D96786400C7FA7F /* WXImgLoaderDefaultImpl.m in Sources */,
				DCFAEC5B1D0D36070087102E /* AppDelegate.m in Sources */,
				DCC6B60E1D93878C00045211 /* SDWebImageDownloaderOperation.m in Sources */,
				DCC6B6121D93878C00045211 /* UIImage+GIF.m in Sources */,
				DCC6B60B1D93878C00045211 /* SDWebImageCompat.m in Sources */,
				DCC6B6091D93878C00045211 /* NSData+ImageContentType.m in Sources */,
				DCFAEC581D0D36070087102E /* main.m in Sources */,
				DCC6B6081D93878C00045211 /* MKAnnotationView+WebCache.m in Sources */,
				DCC6B60A1D93878C00045211 /* SDImageCache.m in Sources */,
			);
			runOnlyForDeploymentPostprocessing = 0;
		};
/* End PBXSourcesBuildPhase section */

/* Begin PBXVariantGroup section */
		DCFAEC5F1D0D36070087102E /* Main.storyboard */ = {
			isa = PBXVariantGroup;
			children = (
				DCFAEC601D0D36070087102E /* Base */,
			);
			name = Main.storyboard;
			sourceTree = "<group>";
		};
		DCFAEC641D0D36070087102E /* LaunchScreen.storyboard */ = {
			isa = PBXVariantGroup;
			children = (
				DCFAEC651D0D36070087102E /* Base */,
			);
			name = LaunchScreen.storyboard;
			sourceTree = "<group>";
		};
/* End PBXVariantGroup section */

/* Begin XCBuildConfiguration section */
		DCFAEC681D0D36070087102E /* Debug */ = {
			isa = XCBuildConfiguration;
			buildSettings = {
				ALWAYS_SEARCH_USER_PATHS = NO;
				CLANG_ANALYZER_NONNULL = YES;
				CLANG_CXX_LANGUAGE_STANDARD = "gnu++0x";
				CLANG_CXX_LIBRARY = "libc++";
				CLANG_ENABLE_MODULES = YES;
				CLANG_ENABLE_OBJC_ARC = YES;
				CLANG_WARN_BOOL_CONVERSION = YES;
				CLANG_WARN_CONSTANT_CONVERSION = YES;
				CLANG_WARN_DIRECT_OBJC_ISA_USAGE = YES_ERROR;
				CLANG_WARN_EMPTY_BODY = YES;
				CLANG_WARN_ENUM_CONVERSION = YES;
				CLANG_WARN_INT_CONVERSION = YES;
				CLANG_WARN_OBJC_ROOT_CLASS = YES_ERROR;
				CLANG_WARN_UNREACHABLE_CODE = YES;
				CLANG_WARN__DUPLICATE_METHOD_MATCH = YES;
				"CODE_SIGN_IDENTITY[sdk=iphoneos*]" = "iPhone Developer";
				COPY_PHASE_STRIP = NO;
				DEBUG_INFORMATION_FORMAT = dwarf;
				ENABLE_STRICT_OBJC_MSGSEND = YES;
				ENABLE_TESTABILITY = YES;
				GCC_C_LANGUAGE_STANDARD = gnu99;
				GCC_DYNAMIC_NO_PIC = NO;
				GCC_NO_COMMON_BLOCKS = YES;
				GCC_OPTIMIZATION_LEVEL = 0;
				GCC_PREPROCESSOR_DEFINITIONS = (
					"DEBUG=1",
					"$(inherited)",
				);
				GCC_WARN_64_TO_32_BIT_CONVERSION = YES;
				GCC_WARN_ABOUT_RETURN_TYPE = YES_ERROR;
				GCC_WARN_UNDECLARED_SELECTOR = YES;
				GCC_WARN_UNINITIALIZED_AUTOS = YES_AGGRESSIVE;
				GCC_WARN_UNUSED_FUNCTION = YES;
				GCC_WARN_UNUSED_VARIABLE = YES;
				IPHONEOS_DEPLOYMENT_TARGET = 9.3;
				MTL_ENABLE_DEBUG_INFO = YES;
				ONLY_ACTIVE_ARCH = YES;
				SDKROOT = iphoneos;
			};
			name = Debug;
		};
		DCFAEC691D0D36070087102E /* Release */ = {
			isa = XCBuildConfiguration;
			buildSettings = {
				ALWAYS_SEARCH_USER_PATHS = NO;
				CLANG_ANALYZER_NONNULL = YES;
				CLANG_CXX_LANGUAGE_STANDARD = "gnu++0x";
				CLANG_CXX_LIBRARY = "libc++";
				CLANG_ENABLE_MODULES = YES;
				CLANG_ENABLE_OBJC_ARC = YES;
				CLANG_WARN_BOOL_CONVERSION = YES;
				CLANG_WARN_CONSTANT_CONVERSION = YES;
				CLANG_WARN_DIRECT_OBJC_ISA_USAGE = YES_ERROR;
				CLANG_WARN_EMPTY_BODY = YES;
				CLANG_WARN_ENUM_CONVERSION = YES;
				CLANG_WARN_INT_CONVERSION = YES;
				CLANG_WARN_OBJC_ROOT_CLASS = YES_ERROR;
				CLANG_WARN_UNREACHABLE_CODE = YES;
				CLANG_WARN__DUPLICATE_METHOD_MATCH = YES;
				"CODE_SIGN_IDENTITY[sdk=iphoneos*]" = "iPhone Developer";
				COPY_PHASE_STRIP = NO;
				DEBUG_INFORMATION_FORMAT = "dwarf-with-dsym";
				ENABLE_NS_ASSERTIONS = NO;
				ENABLE_STRICT_OBJC_MSGSEND = YES;
				GCC_C_LANGUAGE_STANDARD = gnu99;
				GCC_NO_COMMON_BLOCKS = YES;
				GCC_WARN_64_TO_32_BIT_CONVERSION = YES;
				GCC_WARN_ABOUT_RETURN_TYPE = YES_ERROR;
				GCC_WARN_UNDECLARED_SELECTOR = YES;
				GCC_WARN_UNINITIALIZED_AUTOS = YES_AGGRESSIVE;
				GCC_WARN_UNUSED_FUNCTION = YES;
				GCC_WARN_UNUSED_VARIABLE = YES;
				IPHONEOS_DEPLOYMENT_TARGET = 9.3;
				MTL_ENABLE_DEBUG_INFO = NO;
				SDKROOT = iphoneos;
				VALIDATE_PRODUCT = YES;
			};
			name = Release;
		};
		DCFAEC6B1D0D36070087102E /* Debug */ = {
			isa = XCBuildConfiguration;
			buildSettings = {
				ASSETCATALOG_COMPILER_APPICON_NAME = AppIcon;
				FRAMEWORK_SEARCH_PATHS = (
					"$(inherited)",
					"$(PROJECT_DIR)/lib",
				);
				INFOPLIST_FILE = WeexSample/Info.plist;
				LD_RUNPATH_SEARCH_PATHS = "$(inherited) @executable_path/Frameworks";
				OTHER_LDFLAGS = "-ObjC";
				PRODUCT_BUNDLE_IDENTIFIER = com.taobao.weex.WeexSample;
				PRODUCT_NAME = "$(TARGET_NAME)";
			};
			name = Debug;
		};
		DCFAEC6C1D0D36070087102E /* Release */ = {
			isa = XCBuildConfiguration;
			buildSettings = {
				ASSETCATALOG_COMPILER_APPICON_NAME = AppIcon;
				FRAMEWORK_SEARCH_PATHS = (
					"$(inherited)",
					"$(PROJECT_DIR)/lib",
				);
				INFOPLIST_FILE = WeexSample/Info.plist;
				LD_RUNPATH_SEARCH_PATHS = "$(inherited) @executable_path/Frameworks";
				OTHER_LDFLAGS = "-ObjC";
				PRODUCT_BUNDLE_IDENTIFIER = com.taobao.weex.WeexSample;
				PRODUCT_NAME = "$(TARGET_NAME)";
			};
			name = Release;
		};
/* End XCBuildConfiguration section */

/* Begin XCConfigurationList section */
		DCFAEC4E1D0D36070087102E /* Build configuration list for PBXProject "WeexSample" */ = {
			isa = XCConfigurationList;
			buildConfigurations = (
				DCFAEC681D0D36070087102E /* Debug */,
				DCFAEC691D0D36070087102E /* Release */,
			);
			defaultConfigurationIsVisible = 0;
			defaultConfigurationName = Release;
		};
		DCFAEC6A1D0D36070087102E /* Build configuration list for PBXNativeTarget "WeexSample" */ = {
			isa = XCConfigurationList;
			buildConfigurations = (
				DCFAEC6B1D0D36070087102E /* Debug */,
				DCFAEC6C1D0D36070087102E /* Release */,
			);
			defaultConfigurationIsVisible = 0;
			defaultConfigurationName = Release;
		};
/* End XCConfigurationList section */
	};
	rootObject = DCFAEC4B1D0D36070087102E /* Project object */;
}
