// !$*UTF8*$!
{
	archiveVersion = 1;
	classes = {
	};
	objectVersion = 46;
	objects = {

/* Begin PBXBuildFile section */
		DC5E50101D0D72B60059F0EB /* libicucore.tbd in Frameworks */ = {isa = PBXBuildFile; fileRef = DCFAEC761D0D3A7A0087102E /* libicucore.tbd */; };
		DC5E50131D0D73270059F0EB /* JavaScriptCore.framework in Frameworks */ = {isa = PBXBuildFile; fileRef = DCFAEC721D0D38810087102E /* JavaScriptCore.framework */; };
		DC5E50151D0D73380059F0EB /* AVKit.framework in Frameworks */ = {isa = PBXBuildFile; fileRef = DC5E50141D0D73380059F0EB /* AVKit.framework */; };
		DC5E50171D0D73550059F0EB /* AVFoundation.framework in Frameworks */ = {isa = PBXBuildFile; fileRef = DC5E50161D0D73550059F0EB /* AVFoundation.framework */; };
		DC5E50191D0D73820059F0EB /* MediaPlayer.framework in Frameworks */ = {isa = PBXBuildFile; fileRef = DC5E50181D0D73820059F0EB /* MediaPlayer.framework */; };
		DC5E50331D0D7FC00059F0EB /* CoreMedia.framework in Frameworks */ = {isa = PBXBuildFile; fileRef = DC5E50321D0D7FC00059F0EB /* CoreMedia.framework */; };
		DC5E50361D0D80F20059F0EB /* WeexSDK.framework in Frameworks */ = {isa = PBXBuildFile; fileRef = DCFAEC6D1D0D381F0087102E /* WeexSDK.framework */; };
		DC88BF5B1D9287DD00397396 /* WXEventModule.m in Sources */ = {isa = PBXBuildFile; fileRef = DC88BF591D9287DD00397396 /* WXEventModule.m */; };
		DC88BF5E1D9287E400397396 /* WXImgLoaderDefaultImpl.m in Sources */ = {isa = PBXBuildFile; fileRef = DC88BF5C1D9287E400397396 /* WXImgLoaderDefaultImpl.m */; };
		DCFAEC581D0D36070087102E /* main.m in Sources */ = {isa = PBXBuildFile; fileRef = DCFAEC571D0D36070087102E /* main.m */; };
		DCFAEC5B1D0D36070087102E /* AppDelegate.m in Sources */ = {isa = PBXBuildFile; fileRef = DCFAEC5A1D0D36070087102E /* AppDelegate.m */; };
		DCFAEC5E1D0D36070087102E /* ViewController.m in Sources */ = {isa = PBXBuildFile; fileRef = DCFAEC5D1D0D36070087102E /* ViewController.m */; };
		DCFAEC611D0D36070087102E /* Main.storyboard in Resources */ = {isa = PBXBuildFile; fileRef = DCFAEC5F1D0D36070087102E /* Main.storyboard */; };
		DCFAEC631D0D36070087102E /* Assets.xcassets in Resources */ = {isa = PBXBuildFile; fileRef = DCFAEC621D0D36070087102E /* Assets.xcassets */; };
		DCFAEC661D0D36070087102E /* LaunchScreen.storyboard in Resources */ = {isa = PBXBuildFile; fileRef = DCFAEC641D0D36070087102E /* LaunchScreen.storyboard */; };
		F6297C754D1FFDFAFA359903 /* libPods-WeexSample.a in Frameworks */ = {isa = PBXBuildFile; fileRef = 0F8704FAF6FFD9BEE58EF010 /* libPods-WeexSample.a */; };
/* End PBXBuildFile section */

/* Begin PBXFileReference section */
		0D52B4A165DC6E252F411608 /* Pods-WeexSample.debug.xcconfig */ = {isa = PBXFileReference; includeInIndex = 1; lastKnownFileType = text.xcconfig; name = "Pods-WeexSample.debug.xcconfig"; path = "Pods/Target Support Files/Pods-WeexSample/Pods-WeexSample.debug.xcconfig"; sourceTree = "<group>"; };
		0F8704FAF6FFD9BEE58EF010 /* libPods-WeexSample.a */ = {isa = PBXFileReference; explicitFileType = archive.ar; includeInIndex = 0; path = "libPods-WeexSample.a"; sourceTree = BUILT_PRODUCTS_DIR; };
		62053929313A895CD00E4743 /* libPods.a */ = {isa = PBXFileReference; explicitFileType = archive.ar; includeInIndex = 0; path = libPods.a; sourceTree = BUILT_PRODUCTS_DIR; };
		DC5E50111D0D731D0059F0EB /* WeexSDK.framework */ = {isa = PBXFileReference; lastKnownFileType = wrapper.framework; name = WeexSDK.framework; path = "../weex/ios/sdk/DerivedData/WeexSDK/Build/Products/Debug-iphoneos/WeexSDK.framework"; sourceTree = "<group>"; };
		DC5E50141D0D73380059F0EB /* AVKit.framework */ = {isa = PBXFileReference; lastKnownFileType = wrapper.framework; name = AVKit.framework; path = System/Library/Frameworks/AVKit.framework; sourceTree = SDKROOT; };
		DC5E50161D0D73550059F0EB /* AVFoundation.framework */ = {isa = PBXFileReference; lastKnownFileType = wrapper.framework; name = AVFoundation.framework; path = System/Library/Frameworks/AVFoundation.framework; sourceTree = SDKROOT; };
		DC5E50181D0D73820059F0EB /* MediaPlayer.framework */ = {isa = PBXFileReference; lastKnownFileType = wrapper.framework; name = MediaPlayer.framework; path = System/Library/Frameworks/MediaPlayer.framework; sourceTree = SDKROOT; };
		DC5E50321D0D7FC00059F0EB /* CoreMedia.framework */ = {isa = PBXFileReference; lastKnownFileType = wrapper.framework; name = CoreMedia.framework; path = System/Library/Frameworks/CoreMedia.framework; sourceTree = SDKROOT; };
		DC88BF591D9287DD00397396 /* WXEventModule.m */ = {isa = PBXFileReference; fileEncoding = 4; lastKnownFileType = sourcecode.c.objc; name = WXEventModule.m; path = extend/module/WXEventModule.m; sourceTree = "<group>"; };
		DC88BF5A1D9287DD00397396 /* WXEventModule.h */ = {isa = PBXFileReference; fileEncoding = 4; lastKnownFileType = sourcecode.c.h; name = WXEventModule.h; path = extend/module/WXEventModule.h; sourceTree = "<group>"; };
		DC88BF5C1D9287E400397396 /* WXImgLoaderDefaultImpl.m */ = {isa = PBXFileReference; fileEncoding = 4; lastKnownFileType = sourcecode.c.objc; name = WXImgLoaderDefaultImpl.m; path = extend/handler/WXImgLoaderDefaultImpl.m; sourceTree = "<group>"; };
		DC88BF5D1D9287E400397396 /* WXImgLoaderDefaultImpl.h */ = {isa = PBXFileReference; fileEncoding = 4; lastKnownFileType = sourcecode.c.h; name = WXImgLoaderDefaultImpl.h; path = extend/handler/WXImgLoaderDefaultImpl.h; sourceTree = "<group>"; };
		DC88BF5F1D9288C300397396 /* DemoeDefine.h */ = {isa = PBXFileReference; lastKnownFileType = sourcecode.c.h; path = DemoeDefine.h; sourceTree = "<group>"; };
		DCFAEC531D0D36070087102E /* WeexSample.app */ = {isa = PBXFileReference; explicitFileType = wrapper.application; includeInIndex = 0; path = WeexSample.app; sourceTree = BUILT_PRODUCTS_DIR; };
		DCFAEC571D0D36070087102E /* main.m */ = {isa = PBXFileReference; lastKnownFileType = sourcecode.c.objc; path = main.m; sourceTree = "<group>"; };
		DCFAEC591D0D36070087102E /* AppDelegate.h */ = {isa = PBXFileReference; lastKnownFileType = sourcecode.c.h; path = AppDelegate.h; sourceTree = "<group>"; };
		DCFAEC5A1D0D36070087102E /* AppDelegate.m */ = {isa = PBXFileReference; lastKnownFileType = sourcecode.c.objc; path = AppDelegate.m; sourceTree = "<group>"; };
		DCFAEC5C1D0D36070087102E /* ViewController.h */ = {isa = PBXFileReference; lastKnownFileType = sourcecode.c.h; path = ViewController.h; sourceTree = "<group>"; };
		DCFAEC5D1D0D36070087102E /* ViewController.m */ = {isa = PBXFileReference; lastKnownFileType = sourcecode.c.objc; path = ViewController.m; sourceTree = "<group>"; };
		DCFAEC601D0D36070087102E /* Base */ = {isa = PBXFileReference; lastKnownFileType = file.storyboard; name = Base; path = Base.lproj/Main.storyboard; sourceTree = "<group>"; };
		DCFAEC621D0D36070087102E /* Assets.xcassets */ = {isa = PBXFileReference; lastKnownFileType = folder.assetcatalog; path = Assets.xcassets; sourceTree = "<group>"; };
		DCFAEC651D0D36070087102E /* Base */ = {isa = PBXFileReference; lastKnownFileType = file.storyboard; name = Base; path = Base.lproj/LaunchScreen.storyboard; sourceTree = "<group>"; };
		DCFAEC671D0D36070087102E /* Info.plist */ = {isa = PBXFileReference; lastKnownFileType = text.plist.xml; path = Info.plist; sourceTree = "<group>"; };
		DCFAEC6D1D0D381F0087102E /* WeexSDK.framework */ = {isa = PBXFileReference; lastKnownFileType = wrapper.framework; name = WeexSDK.framework; path = lib/WeexSDK.framework; sourceTree = "<group>"; };
		DCFAEC721D0D38810087102E /* JavaScriptCore.framework */ = {isa = PBXFileReference; lastKnownFileType = wrapper.framework; name = JavaScriptCore.framework; path = System/Library/Frameworks/JavaScriptCore.framework; sourceTree = SDKROOT; };
		DCFAEC761D0D3A7A0087102E /* libicucore.tbd */ = {isa = PBXFileReference; lastKnownFileType = "sourcecode.text-based-dylib-definition"; name = libicucore.tbd; path = usr/lib/libicucore.tbd; sourceTree = SDKROOT; };
		DCFAEC7C1D0D579D0087102E /* main.js */ = {isa = PBXFileReference; lastKnownFileType = sourcecode.javascript; name = main.js; path = lib/main.js; sourceTree = "<group>"; };
		DCFAEC7E1D0D587F0087102E /* hello.js */ = {isa = PBXFileReference; lastKnownFileType = sourcecode.javascript; name = hello.js; path = bundlejs/hello.js; sourceTree = "<group>"; };
		FA8668E844E6513DF83F5433 /* Pods-WeexSample.release.xcconfig */ = {isa = PBXFileReference; includeInIndex = 1; lastKnownFileType = text.xcconfig; name = "Pods-WeexSample.release.xcconfig"; path = "Pods/Target Support Files/Pods-WeexSample/Pods-WeexSample.release.xcconfig"; sourceTree = "<group>"; };
/* End PBXFileReference section */

/* Begin PBXFrameworksBuildPhase section */
		DCFAEC501D0D36070087102E /* Frameworks */ = {
			isa = PBXFrameworksBuildPhase;
			buildActionMask = 2147483647;
			files = (
				DC5E50361D0D80F20059F0EB /* WeexSDK.framework in Frameworks */,
				DC5E50331D0D7FC00059F0EB /* CoreMedia.framework in Frameworks */,
				DC5E50191D0D73820059F0EB /* MediaPlayer.framework in Frameworks */,
				DC5E50171D0D73550059F0EB /* AVFoundation.framework in Frameworks */,
				DC5E50151D0D73380059F0EB /* AVKit.framework in Frameworks */,
				DC5E50131D0D73270059F0EB /* JavaScriptCore.framework in Frameworks */,
				DC5E50101D0D72B60059F0EB /* libicucore.tbd in Frameworks */,
				F6297C754D1FFDFAFA359903 /* libPods-WeexSample.a in Frameworks */,
			);
			runOnlyForDeploymentPostprocessing = 0;
		};
/* End PBXFrameworksBuildPhase section */

/* Begin PBXGroup section */
		D6E4217D997692D042851D5B /* Pods */ = {
			isa = PBXGroup;
			children = (
				0D52B4A165DC6E252F411608 /* Pods-WeexSample.debug.xcconfig */,
				FA8668E844E6513DF83F5433 /* Pods-WeexSample.release.xcconfig */,
			);
			name = Pods;
			sourceTree = "<group>";
		};
		DC5E503B1D0D88BB0059F0EB /* resource */ = {
			isa = PBXGroup;
			children = (
				DCFAEC7E1D0D587F0087102E /* hello.js */,
			);
			name = resource;
			sourceTree = "<group>";
		};
		DC88BF561D9287C100397396 /* extend */ = {
			isa = PBXGroup;
			children = (
				DC88BF581D9287CF00397396 /* module */,
				DC88BF571D9287C800397396 /* handler */,
			);
			name = extend;
			sourceTree = "<group>";
		};
		DC88BF571D9287C800397396 /* handler */ = {
			isa = PBXGroup;
			children = (
				DC88BF5C1D9287E400397396 /* WXImgLoaderDefaultImpl.m */,
				DC88BF5D1D9287E400397396 /* WXImgLoaderDefaultImpl.h */,
			);
			name = handler;
			sourceTree = "<group>";
		};
		DC88BF581D9287CF00397396 /* module */ = {
			isa = PBXGroup;
			children = (
				DC88BF591D9287DD00397396 /* WXEventModule.m */,
				DC88BF5A1D9287DD00397396 /* WXEventModule.h */,
			);
			name = module;
			sourceTree = "<group>";
		};
		DCFAEC4A1D0D36070087102E = {
			isa = PBXGroup;
			children = (
				DC5E503B1D0D88BB0059F0EB /* resource */,
				DCFAEC551D0D36070087102E /* WeexSample */,
				DCFAEC541D0D36070087102E /* Products */,
				DCFAEC711D0D38370087102E /* Frameworks */,
				D6E4217D997692D042851D5B /* Pods */,
			);
			sourceTree = "<group>";
		};
		DCFAEC541D0D36070087102E /* Products */ = {
			isa = PBXGroup;
			children = (
				DCFAEC531D0D36070087102E /* WeexSample.app */,
			);
			name = Products;
			sourceTree = "<group>";
		};
		DCFAEC551D0D36070087102E /* WeexSample */ = {
			isa = PBXGroup;
			children = (
				DC88BF561D9287C100397396 /* extend */,
				DCFAEC591D0D36070087102E /* AppDelegate.h */,
				DCFAEC5A1D0D36070087102E /* AppDelegate.m */,
				DCFAEC5C1D0D36070087102E /* ViewController.h */,
				DCFAEC5D1D0D36070087102E /* ViewController.m */,
				DC88BF5F1D9288C300397396 /* DemoeDefine.h */,
				DCFAEC5F1D0D36070087102E /* Main.storyboard */,
				DCFAEC621D0D36070087102E /* Assets.xcassets */,
				DCFAEC641D0D36070087102E /* LaunchScreen.storyboard */,
				DCFAEC671D0D36070087102E /* Info.plist */,
				DCFAEC561D0D36070087102E /* Supporting Files */,
			);
			path = WeexSample;
			sourceTree = "<group>";
		};
		DCFAEC561D0D36070087102E /* Supporting Files */ = {
			isa = PBXGroup;
			children = (
				DCFAEC571D0D36070087102E /* main.m */,
			);
			name = "Supporting Files";
			sourceTree = "<group>";
		};
		DCFAEC711D0D38370087102E /* Frameworks */ = {
			isa = PBXGroup;
			children = (
				DC5E50321D0D7FC00059F0EB /* CoreMedia.framework */,
				DC5E50181D0D73820059F0EB /* MediaPlayer.framework */,
				DC5E50161D0D73550059F0EB /* AVFoundation.framework */,
				DC5E50141D0D73380059F0EB /* AVKit.framework */,
				DC5E50111D0D731D0059F0EB /* WeexSDK.framework */,
				DCFAEC7C1D0D579D0087102E /* main.js */,
				DCFAEC761D0D3A7A0087102E /* libicucore.tbd */,
				DCFAEC721D0D38810087102E /* JavaScriptCore.framework */,
				DCFAEC6D1D0D381F0087102E /* WeexSDK.framework */,
				62053929313A895CD00E4743 /* libPods.a */,
				0F8704FAF6FFD9BEE58EF010 /* libPods-WeexSample.a */,
			);
			name = Frameworks;
			sourceTree = "<group>";
		};
/* End PBXGroup section */

/* Begin PBXNativeTarget section */
		DCFAEC521D0D36070087102E /* WeexSample */ = {
			isa = PBXNativeTarget;
			buildConfigurationList = DCFAEC6A1D0D36070087102E /* Build configuration list for PBXNativeTarget "WeexSample" */;
			buildPhases = (
				58091D79B21C127C8BE34AF6 /* Check Pods Manifest.lock */,
				DCFAEC4F1D0D36070087102E /* Sources */,
				DCFAEC501D0D36070087102E /* Frameworks */,
				DCFAEC511D0D36070087102E /* Resources */,
				F780F83C3DB3DF2C262714FC /* Embed Pods Frameworks */,
				56D80383DF6F60EBBBA0571C /* Copy Pods Resources */,
			);
			buildRules = (
			);
			dependencies = (
			);
			name = WeexSample;
			productName = WeexSample;
			productReference = DCFAEC531D0D36070087102E /* WeexSample.app */;
			productType = "com.apple.product-type.application";
		};
/* End PBXNativeTarget section */

/* Begin PBXProject section */
		DCFAEC4B1D0D36070087102E /* Project object */ = {
			isa = PBXProject;
			attributes = {
				LastUpgradeCheck = 0730;
				ORGANIZATIONNAME = com.taobao.weex;
				TargetAttributes = {
					DCFAEC521D0D36070087102E = {
						CreatedOnToolsVersion = 7.3.1;
					};
				};
			};
			buildConfigurationList = DCFAEC4E1D0D36070087102E /* Build configuration list for PBXProject "WeexSample" */;
			compatibilityVersion = "Xcode 3.2";
			developmentRegion = English;
			hasScannedForEncodings = 0;
			knownRegions = (
				en,
				Base,
			);
			mainGroup = DCFAEC4A1D0D36070087102E;
			productRefGroup = DCFAEC541D0D36070087102E /* Products */;
			projectDirPath = "";
			projectRoot = "";
			targets = (
				DCFAEC521D0D36070087102E /* WeexSample */,
			);
		};
/* End PBXProject section */

/* Begin PBXResourcesBuildPhase section */
		DCFAEC511D0D36070087102E /* Resources */ = {
			isa = PBXResourcesBuildPhase;
			buildActionMask = 2147483647;
			files = (
				DCFAEC661D0D36070087102E /* LaunchScreen.storyboard in Resources */,
				DCFAEC631D0D36070087102E /* Assets.xcassets in Resources */,
				DCFAEC611D0D36070087102E /* Main.storyboard in Resources */,
			);
			runOnlyForDeploymentPostprocessing = 0;
		};
/* End PBXResourcesBuildPhase section */

/* Begin PBXShellScriptBuildPhase section */
		56D80383DF6F60EBBBA0571C /* Copy Pods Resources */ = {
			isa = PBXShellScriptBuildPhase;
			buildActionMask = 2147483647;
			files = (
			);
			inputPaths = (
			);
			name = "Copy Pods Resources";
			outputPaths = (
			);
			runOnlyForDeploymentPostprocessing = 0;
			shellPath = /bin/sh;
			shellScript = "\"${SRCROOT}/Pods/Target Support Files/Pods-WeexSample/Pods-WeexSample-resources.sh\"\n";
			showEnvVarsInLog = 0;
		};
		58091D79B21C127C8BE34AF6 /* Check Pods Manifest.lock */ = {
			isa = PBXShellScriptBuildPhase;
			buildActionMask = 2147483647;
			files = (
			);
			inputPaths = (
			);
			name = "Check Pods Manifest.lock";
			outputPaths = (
			);
			runOnlyForDeploymentPostprocessing = 0;
			shellPath = /bin/sh;
			shellScript = "diff \"${PODS_ROOT}/../Podfile.lock\" \"${PODS_ROOT}/Manifest.lock\" > /dev/null\nif [[ $? != 0 ]] ; then\n    cat << EOM\nerror: The sandbox is not in sync with the Podfile.lock. Run 'pod install' or update your CocoaPods installation.\nEOM\n    exit 1\nfi\n";
			showEnvVarsInLog = 0;
		};
		F780F83C3DB3DF2C262714FC /* Embed Pods Frameworks */ = {
			isa = PBXShellScriptBuildPhase;
			buildActionMask = 2147483647;
			files = (
			);
			inputPaths = (
			);
			name = "Embed Pods Frameworks";
			outputPaths = (
			);
			runOnlyForDeploymentPostprocessing = 0;
			shellPath = /bin/sh;
			shellScript = "\"${SRCROOT}/Pods/Target Support Files/Pods-WeexSample/Pods-WeexSample-frameworks.sh\"\n";
			showEnvVarsInLog = 0;
		};
/* End PBXShellScriptBuildPhase section */

/* Begin PBXSourcesBuildPhase section */
		DCFAEC4F1D0D36070087102E /* Sources */ = {
			isa = PBXSourcesBuildPhase;
			buildActionMask = 2147483647;
			files = (
				DCFAEC5E1D0D36070087102E /* ViewController.m in Sources */,
				DC88BF5B1D9287DD00397396 /* WXEventModule.m in Sources */,
				DC88BF5E1D9287E400397396 /* WXImgLoaderDefaultImpl.m in Sources */,
				DCFAEC5B1D0D36070087102E /* AppDelegate.m in Sources */,
				DCFAEC581D0D36070087102E /* main.m in Sources */,
			);
			runOnlyForDeploymentPostprocessing = 0;
		};
/* End PBXSourcesBuildPhase section */

/* Begin PBXVariantGroup section */
		DCFAEC5F1D0D36070087102E /* Main.storyboard */ = {
			isa = PBXVariantGroup;
			children = (
				DCFAEC601D0D36070087102E /* Base */,
			);
			name = Main.storyboard;
			sourceTree = "<group>";
		};
		DCFAEC641D0D36070087102E /* LaunchScreen.storyboard */ = {
			isa = PBXVariantGroup;
			children = (
				DCFAEC651D0D36070087102E /* Base */,
			);
			name = LaunchScreen.storyboard;
			sourceTree = "<group>";
		};
/* End PBXVariantGroup section */

/* Begin XCBuildConfiguration section */
		DCFAEC681D0D36070087102E /* Debug */ = {
			isa = XCBuildConfiguration;
			buildSettings = {
				ALWAYS_SEARCH_USER_PATHS = NO;
				CLANG_ANALYZER_NONNULL = YES;
				CLANG_CXX_LANGUAGE_STANDARD = "gnu++0x";
				CLANG_CXX_LIBRARY = "libc++";
				CLANG_ENABLE_MODULES = YES;
				CLANG_ENABLE_OBJC_ARC = YES;
				CLANG_WARN_BOOL_CONVERSION = YES;
				CLANG_WARN_CONSTANT_CONVERSION = YES;
				CLANG_WARN_DIRECT_OBJC_ISA_USAGE = YES_ERROR;
				CLANG_WARN_EMPTY_BODY = YES;
				CLANG_WARN_ENUM_CONVERSION = YES;
				CLANG_WARN_INT_CONVERSION = YES;
				CLANG_WARN_OBJC_ROOT_CLASS = YES_ERROR;
				CLANG_WARN_UNREACHABLE_CODE = YES;
				CLANG_WARN__DUPLICATE_METHOD_MATCH = YES;
				"CODE_SIGN_IDENTITY[sdk=iphoneos*]" = "iPhone Developer";
				COPY_PHASE_STRIP = NO;
				DEBUG_INFORMATION_FORMAT = dwarf;
				ENABLE_STRICT_OBJC_MSGSEND = YES;
				ENABLE_TESTABILITY = YES;
				GCC_C_LANGUAGE_STANDARD = gnu99;
				GCC_DYNAMIC_NO_PIC = NO;
				GCC_NO_COMMON_BLOCKS = YES;
				GCC_OPTIMIZATION_LEVEL = 0;
				GCC_PREPROCESSOR_DEFINITIONS = (
					"DEBUG=1",
					"$(inherited)",
				);
				GCC_WARN_64_TO_32_BIT_CONVERSION = YES;
				GCC_WARN_ABOUT_RETURN_TYPE = YES_ERROR;
				GCC_WARN_UNDECLARED_SELECTOR = YES;
				GCC_WARN_UNINITIALIZED_AUTOS = YES_AGGRESSIVE;
				GCC_WARN_UNUSED_FUNCTION = YES;
				GCC_WARN_UNUSED_VARIABLE = YES;
				IPHONEOS_DEPLOYMENT_TARGET = 9.3;
				MTL_ENABLE_DEBUG_INFO = YES;
				ONLY_ACTIVE_ARCH = YES;
				SDKROOT = iphoneos;
			};
			name = Debug;
		};
		DCFAEC691D0D36070087102E /* Release */ = {
			isa = XCBuildConfiguration;
			buildSettings = {
				ALWAYS_SEARCH_USER_PATHS = NO;
				CLANG_ANALYZER_NONNULL = YES;
				CLANG_CXX_LANGUAGE_STANDARD = "gnu++0x";
				CLANG_CXX_LIBRARY = "libc++";
				CLANG_ENABLE_MODULES = YES;
				CLANG_ENABLE_OBJC_ARC = YES;
				CLANG_WARN_BOOL_CONVERSION = YES;
				CLANG_WARN_CONSTANT_CONVERSION = YES;
				CLANG_WARN_DIRECT_OBJC_ISA_USAGE = YES_ERROR;
				CLANG_WARN_EMPTY_BODY = YES;
				CLANG_WARN_ENUM_CONVERSION = YES;
				CLANG_WARN_INT_CONVERSION = YES;
				CLANG_WARN_OBJC_ROOT_CLASS = YES_ERROR;
				CLANG_WARN_UNREACHABLE_CODE = YES;
				CLANG_WARN__DUPLICATE_METHOD_MATCH = YES;
				"CODE_SIGN_IDENTITY[sdk=iphoneos*]" = "iPhone Developer";
				COPY_PHASE_STRIP = NO;
				DEBUG_INFORMATION_FORMAT = "dwarf-with-dsym";
				ENABLE_NS_ASSERTIONS = NO;
				ENABLE_STRICT_OBJC_MSGSEND = YES;
				GCC_C_LANGUAGE_STANDARD = gnu99;
				GCC_NO_COMMON_BLOCKS = YES;
				GCC_WARN_64_TO_32_BIT_CONVERSION = YES;
				GCC_WARN_ABOUT_RETURN_TYPE = YES_ERROR;
				GCC_WARN_UNDECLARED_SELECTOR = YES;
				GCC_WARN_UNINITIALIZED_AUTOS = YES_AGGRESSIVE;
				GCC_WARN_UNUSED_FUNCTION = YES;
				GCC_WARN_UNUSED_VARIABLE = YES;
				IPHONEOS_DEPLOYMENT_TARGET = 9.3;
				MTL_ENABLE_DEBUG_INFO = NO;
				SDKROOT = iphoneos;
				VALIDATE_PRODUCT = YES;
			};
			name = Release;
		};
		DCFAEC6B1D0D36070087102E /* Debug */ = {
			isa = XCBuildConfiguration;
			baseConfigurationReference = 0D52B4A165DC6E252F411608 /* Pods-WeexSample.debug.xcconfig */;
			buildSettings = {
				ASSETCATALOG_COMPILER_APPICON_NAME = AppIcon;
				FRAMEWORK_SEARCH_PATHS = (
					"$(inherited)",
					"$(PROJECT_DIR)/lib",
				);
				INFOPLIST_FILE = WeexSample/Info.plist;
				LD_RUNPATH_SEARCH_PATHS = "$(inherited) @executable_path/Frameworks";
				PRODUCT_BUNDLE_IDENTIFIER = com.taobao.weex.WeexSample;
				PRODUCT_NAME = "$(TARGET_NAME)";
			};
			name = Debug;
		};
		DCFAEC6C1D0D36070087102E /* Release */ = {
			isa = XCBuildConfiguration;
			baseConfigurationReference = FA8668E844E6513DF83F5433 /* Pods-WeexSample.release.xcconfig */;
			buildSettings = {
				ASSETCATALOG_COMPILER_APPICON_NAME = AppIcon;
				FRAMEWORK_SEARCH_PATHS = (
					"$(inherited)",
					"$(PROJECT_DIR)/lib",
				);
				INFOPLIST_FILE = WeexSample/Info.plist;
				LD_RUNPATH_SEARCH_PATHS = "$(inherited) @executable_path/Frameworks";
				PRODUCT_BUNDLE_IDENTIFIER = com.taobao.weex.WeexSample;
				PRODUCT_NAME = "$(TARGET_NAME)";
			};
			name = Release;
		};
/* End XCBuildConfiguration section */

/* Begin XCConfigurationList section */
		DCFAEC4E1D0D36070087102E /* Build configuration list for PBXProject "WeexSample" */ = {
			isa = XCConfigurationList;
			buildConfigurations = (
				DCFAEC681D0D36070087102E /* Debug */,
				DCFAEC691D0D36070087102E /* Release */,
			);
			defaultConfigurationIsVisible = 0;
			defaultConfigurationName = Release;
		};
		DCFAEC6A1D0D36070087102E /* Build configuration list for PBXNativeTarget "WeexSample" */ = {
			isa = XCConfigurationList;
			buildConfigurations = (
				DCFAEC6B1D0D36070087102E /* Debug */,
				DCFAEC6C1D0D36070087102E /* Release */,
			);
			defaultConfigurationIsVisible = 0;
			defaultConfigurationName = Release;
		};
/* End XCConfigurationList section */
	};
	rootObject = DCFAEC4B1D0D36070087102E /* Project object */;
}
